Microsoft Visual Studio Solution File, Format Version 11.00
# Visual Studio 2008

Project("{6294C4E5-6637-845F-D65D-667E95C568FB}") = "SpaceShooterTest", "Assembly-CSharp.csproj", "{F3AC56DF-4878-8202-D0D1-1E4BDF12E2CC}"
EndProject
Global
	GlobalSection(SolutionConfigurationPlatforms) = preSolution
		Debug|Any CPU = Debug|Any CPU
		Release|Any CPU = Release|Any CPU
	EndGlobalSection
	GlobalSection(ProjectConfigurationPlatforms) = postSolution
		{F3AC56DF-4878-8202-D0D1-1E4BDF12E2CC}.Debug|Any CPU.ActiveCfg = Debug|Any CPU
		{F3AC56DF-4878-8202-D0D1-1E4BDF12E2CC}.Debug|Any CPU.Build.0 = Debug|Any CPU
		{F3AC56DF-4878-8202-D0D1-1E4BDF12E2CC}.Release|Any CPU.ActiveCfg = Release|Any CPU
		{F3AC56DF-4878-8202-D0D1-1E4BDF12E2CC}.Release|Any CPU.Build.0 = Release|Any CPU
	EndGlobalSection
	GlobalSection(SolutionProperties) = preSolution
		HideSolutionNode = FALSE
	EndGlobalSection
	GlobalSection(MonoDevelopProperties) = preSolution
		StartupItem = Assembly-CSharp.csproj
	EndGlobalSection
EndGlobal
